
Microsoft Visual Studio Solution File, Format Version 12.00
# Visual Studio Version 17
VisualStudioVersion = 17.14.37111.16 d17.14
MinimumVisualStudioVersion = 10.0.40219.1
Project("{FAE04EC0-301F-11D3-BF4B-00C04F79EFBC}") = "CRUDMahasiswaADO", "CRUDMahasiswaADO\CRUDMahasiswaADO.csproj", "{D4E02BD9-E812-4C9C-8800-44108D61383A}"
EndProject
Global
	GlobalSection(SolutionConfigurationPlatforms) = preSolution
		Debug|Any CPU = Debug|Any CPU
		Release|Any CPU = Release|Any CPU
	EndGlobalSection
	GlobalSection(ProjectConfigurationPlatforms) = postSolution
		{D4E02BD9-E812-4C9C-8800-44108D61383A}.Debug|Any CPU.ActiveCfg = Debug|Any CPU
		{D4E02BD9-E812-4C9C-8800-44108D61383A}.Debug|Any CPU.Build.0 = Debug|Any CPU
		{D4E02BD9-E812-4C9C-8800-44108D61383A}.Release|Any CPU.ActiveCfg = Release|Any CPU
		{D4E02BD9-E812-4C9C-8800-44108D61383A}.Release|Any CPU.Build.0 = Release|Any CPU
	EndGlobalSection
	GlobalSection(SolutionProperties) = preSolution
		HideSolutionNode = FALSE
	EndGlobalSection
	GlobalSection(ExtensibilityGlobals) = postSolution
		SolutionGuid = {0D63A45C-0C4C-4ADE-BA78-8552618B6D62}
	EndGlobalSection
EndGlobal
